
Microsoft Visual Studio Solution File, Format Version 12.00
# Visual Studio Version 16
VisualStudioVersion = 16.0.32510.428
MinimumVisualStudioVersion = 10.0.40219.1
Project("{FAE04EC0-301F-11D3-BF4B-00C04F79EFBC}") = "accountingSwCoWelcome.cs", "accountingSwCoWelcome.cs\accountingSwCoWelcome.cs.csproj", "{ABFFDAAF-D5A1-4260-BD5A-0448A51247A2}"
EndProject
Global
	GlobalSection(SolutionConfigurationPlatforms) = preSolution
		Debug|Any CPU = Debug|Any CPU
		Release|Any CPU = Release|Any CPU
	EndGlobalSection
	GlobalSection(ProjectConfigurationPlatforms) = postSolution
		{ABFFDAAF-D5A1-4260-BD5A-0448A51247A2}.Debug|Any CPU.ActiveCfg = Debug|Any CPU
		{ABFFDAAF-D5A1-4260-BD5A-0448A51247A2}.Debug|Any CPU.Build.0 = Debug|Any CPU
		{ABFFDAAF-D5A1-4260-BD5A-0448A51247A2}.Release|Any CPU.ActiveCfg = Release|Any CPU
		{ABFFDAAF-D5A1-4260-BD5A-0448A51247A2}.Release|Any CPU.Build.0 = Release|Any CPU
	EndGlobalSection
	GlobalSection(SolutionProperties) = preSolution
		HideSolutionNode = FALSE
	EndGlobalSection
	GlobalSection(ExtensibilityGlobals) = postSolution
		SolutionGuid = {C0C42164-1C49-470E-85F1-7B4BA5E42EBE}
	EndGlobalSection
EndGlobal
