
Microsoft Visual Studio Solution File, Format Version 12.00
# Visual Studio Version 16
VisualStudioVersion = 16.0.32510.428
MinimumVisualStudioVersion = 10.0.40219.1
Project("{FAE04EC0-301F-11D3-BF4B-00C04F79EFBC}") = "WebApplication1", "WebApplication1\WebApplication1.csproj", "{C648F568-883A-40B4-81E1-B36CF6585557}"
EndProject
Global
	GlobalSection(SolutionConfigurationPlatforms) = preSolution
		Debug|Any CPU = Debug|Any CPU
		Release|Any CPU = Release|Any CPU
	EndGlobalSection
	GlobalSection(ProjectConfigurationPlatforms) = postSolution
		{C648F568-883A-40B4-81E1-B36CF6585557}.Debug|Any CPU.ActiveCfg = Debug|Any CPU
		{C648F568-883A-40B4-81E1-B36CF6585557}.Debug|Any CPU.Build.0 = Debug|Any CPU
		{C648F568-883A-40B4-81E1-B36CF6585557}.Release|Any CPU.ActiveCfg = Release|Any CPU
		{C648F568-883A-40B4-81E1-B36CF6585557}.Release|Any CPU.Build.0 = Release|Any CPU
	EndGlobalSection
	GlobalSection(SolutionProperties) = preSolution
		HideSolutionNode = FALSE
	EndGlobalSection
	GlobalSection(ExtensibilityGlobals) = postSolution
		SolutionGuid = {B230FF49-9192-44CB-9CCE-94AAA8A129A1}
	EndGlobalSection
EndGlobal
