
Microsoft Visual Studio Solution File, Format Version 12.00
# Visual Studio Version 16
VisualStudioVersion = 16.0.32602.291
MinimumVisualStudioVersion = 10.0.40219.1
Project("{FAE04EC0-301F-11D3-BF4B-00C04F79EFBC}") = "Scores", "Scores\Scores.csproj", "{E49F8604-0A60-4951-A2B4-0A70D4BA73A7}"
EndProject
Global
	GlobalSection(SolutionConfigurationPlatforms) = preSolution
		Debug|Any CPU = Debug|Any CPU
		Release|Any CPU = Release|Any CPU
	EndGlobalSection
	GlobalSection(ProjectConfigurationPlatforms) = postSolution
		{E49F8604-0A60-4951-A2B4-0A70D4BA73A7}.Debug|Any CPU.ActiveCfg = Debug|Any CPU
		{E49F8604-0A60-4951-A2B4-0A70D4BA73A7}.Debug|Any CPU.Build.0 = Debug|Any CPU
		{E49F8604-0A60-4951-A2B4-0A70D4BA73A7}.Release|Any CPU.ActiveCfg = Release|Any CPU
		{E49F8604-0A60-4951-A2B4-0A70D4BA73A7}.Release|Any CPU.Build.0 = Release|Any CPU
	EndGlobalSection
	GlobalSection(SolutionProperties) = preSolution
		HideSolutionNode = FALSE
	EndGlobalSection
	GlobalSection(ExtensibilityGlobals) = postSolution
		SolutionGuid = {0CDC0712-95E6-4911-BABC-5FC7CD404F09}
	EndGlobalSection
EndGlobal
