
Microsoft Visual Studio Solution File, Format Version 12.00
# Visual Studio Version 16
VisualStudioVersion = 16.0.32510.428
MinimumVisualStudioVersion = 10.0.40219.1
Project("{FAE04EC0-301F-11D3-BF4B-00C04F79EFBC}") = "VariablesAndDataTypes.cs", "VariablesAndDataTypes.cs\VariablesAndDataTypes.cs.csproj", "{AF0C3D0E-F766-4094-9F3B-0E4253F637A1}"
EndProject
Global
	GlobalSection(SolutionConfigurationPlatforms) = preSolution
		Debug|Any CPU = Debug|Any CPU
		Release|Any CPU = Release|Any CPU
	EndGlobalSection
	GlobalSection(ProjectConfigurationPlatforms) = postSolution
		{AF0C3D0E-F766-4094-9F3B-0E4253F637A1}.Debug|Any CPU.ActiveCfg = Debug|Any CPU
		{AF0C3D0E-F766-4094-9F3B-0E4253F637A1}.Debug|Any CPU.Build.0 = Debug|Any CPU
		{AF0C3D0E-F766-4094-9F3B-0E4253F637A1}.Release|Any CPU.ActiveCfg = Release|Any CPU
		{AF0C3D0E-F766-4094-9F3B-0E4253F637A1}.Release|Any CPU.Build.0 = Release|Any CPU
	EndGlobalSection
	GlobalSection(SolutionProperties) = preSolution
		HideSolutionNode = FALSE
	EndGlobalSection
	GlobalSection(ExtensibilityGlobals) = postSolution
		SolutionGuid = {23ED2257-B629-4167-91CB-8AE8824A9060}
	EndGlobalSection
EndGlobal
