
Microsoft Visual Studio Solution File, Format Version 12.00
# Visual Studio Version 16
VisualStudioVersion = 16.0.32510.428
MinimumVisualStudioVersion = 10.0.40219.1
Project("{FAE04EC0-301F-11D3-BF4B-00C04F79EFBC}") = "OperatorsOverloadAssignment.cs", "OperatorsOverloadAssignment.cs\OperatorsOverloadAssignment.cs.csproj", "{E568DA6E-DD6A-4766-843A-7338CA85EAF3}"
EndProject
Global
	GlobalSection(SolutionConfigurationPlatforms) = preSolution
		Debug|Any CPU = Debug|Any CPU
		Release|Any CPU = Release|Any CPU
	EndGlobalSection
	GlobalSection(ProjectConfigurationPlatforms) = postSolution
		{E568DA6E-DD6A-4766-843A-7338CA85EAF3}.Debug|Any CPU.ActiveCfg = Debug|Any CPU
		{E568DA6E-DD6A-4766-843A-7338CA85EAF3}.Debug|Any CPU.Build.0 = Debug|Any CPU
		{E568DA6E-DD6A-4766-843A-7338CA85EAF3}.Release|Any CPU.ActiveCfg = Release|Any CPU
		{E568DA6E-DD6A-4766-843A-7338CA85EAF3}.Release|Any CPU.Build.0 = Release|Any CPU
	EndGlobalSection
	GlobalSection(SolutionProperties) = preSolution
		HideSolutionNode = FALSE
	EndGlobalSection
	GlobalSection(ExtensibilityGlobals) = postSolution
		SolutionGuid = {73FA31E4-D056-412B-9563-B51263EE4297}
	EndGlobalSection
EndGlobal
