
Microsoft Visual Studio Solution File, Format Version 12.00
# Visual Studio Version 16
VisualStudioVersion = 16.0.32510.428
MinimumVisualStudioVersion = 10.0.40219.1
Project("{FAE04EC0-301F-11D3-BF4B-00C04F79EFBC}") = "ClassAssignment.cs", "ClassAssignment.cs\ClassAssignment.cs.csproj", "{5F4580C8-5729-4A84-B6E3-B3C31A530821}"
EndProject
Global
	GlobalSection(SolutionConfigurationPlatforms) = preSolution
		Debug|Any CPU = Debug|Any CPU
		Release|Any CPU = Release|Any CPU
	EndGlobalSection
	GlobalSection(ProjectConfigurationPlatforms) = postSolution
		{5F4580C8-5729-4A84-B6E3-B3C31A530821}.Debug|Any CPU.ActiveCfg = Debug|Any CPU
		{5F4580C8-5729-4A84-B6E3-B3C31A530821}.Debug|Any CPU.Build.0 = Debug|Any CPU
		{5F4580C8-5729-4A84-B6E3-B3C31A530821}.Release|Any CPU.ActiveCfg = Release|Any CPU
		{5F4580C8-5729-4A84-B6E3-B3C31A530821}.Release|Any CPU.Build.0 = Release|Any CPU
	EndGlobalSection
	GlobalSection(SolutionProperties) = preSolution
		HideSolutionNode = FALSE
	EndGlobalSection
	GlobalSection(ExtensibilityGlobals) = postSolution
		SolutionGuid = {46E4B5C2-68F8-4B4C-AC5D-1BC3223C8CAD}
	EndGlobalSection
EndGlobal
