
Microsoft Visual Studio Solution File, Format Version 12.00
# Visual Studio Version 16
VisualStudioVersion = 16.0.32510.428
MinimumVisualStudioVersion = 10.0.40219.1
Project("{FAE04EC0-301F-11D3-BF4B-00C04F79EFBC}") = "Iteration.cs", "Iteration.cs\Iteration.cs.csproj", "{AA17736D-42B9-4B4C-A8CB-DC45B609E4CD}"
EndProject
Global
	GlobalSection(SolutionConfigurationPlatforms) = preSolution
		Debug|Any CPU = Debug|Any CPU
		Release|Any CPU = Release|Any CPU
	EndGlobalSection
	GlobalSection(ProjectConfigurationPlatforms) = postSolution
		{AA17736D-42B9-4B4C-A8CB-DC45B609E4CD}.Debug|Any CPU.ActiveCfg = Debug|Any CPU
		{AA17736D-42B9-4B4C-A8CB-DC45B609E4CD}.Debug|Any CPU.Build.0 = Debug|Any CPU
		{AA17736D-42B9-4B4C-A8CB-DC45B609E4CD}.Release|Any CPU.ActiveCfg = Release|Any CPU
		{AA17736D-42B9-4B4C-A8CB-DC45B609E4CD}.Release|Any CPU.Build.0 = Release|Any CPU
	EndGlobalSection
	GlobalSection(SolutionProperties) = preSolution
		HideSolutionNode = FALSE
	EndGlobalSection
	GlobalSection(ExtensibilityGlobals) = postSolution
		SolutionGuid = {67CD8EE2-89B0-4DCD-816F-B165ABFB815A}
	EndGlobalSection
EndGlobal
