
Microsoft Visual Studio Solution File, Format Version 12.00
# Visual Studio Version 16
VisualStudioVersion = 16.0.32510.428
MinimumVisualStudioVersion = 10.0.40219.1
Project("{FAE04EC0-301F-11D3-BF4B-00C04F79EFBC}") = "ArrayAndListAssignment.cs", "ArrayAndListAssignment.cs\ArrayAndListAssignment.cs.csproj", "{4E9C4C11-22B8-4DFA-84FA-49BDDD6EA147}"
EndProject
Global
	GlobalSection(SolutionConfigurationPlatforms) = preSolution
		Debug|Any CPU = Debug|Any CPU
		Release|Any CPU = Release|Any CPU
	EndGlobalSection
	GlobalSection(ProjectConfigurationPlatforms) = postSolution
		{4E9C4C11-22B8-4DFA-84FA-49BDDD6EA147}.Debug|Any CPU.ActiveCfg = Debug|Any CPU
		{4E9C4C11-22B8-4DFA-84FA-49BDDD6EA147}.Debug|Any CPU.Build.0 = Debug|Any CPU
		{4E9C4C11-22B8-4DFA-84FA-49BDDD6EA147}.Release|Any CPU.ActiveCfg = Release|Any CPU
		{4E9C4C11-22B8-4DFA-84FA-49BDDD6EA147}.Release|Any CPU.Build.0 = Release|Any CPU
	EndGlobalSection
	GlobalSection(SolutionProperties) = preSolution
		HideSolutionNode = FALSE
	EndGlobalSection
	GlobalSection(ExtensibilityGlobals) = postSolution
		SolutionGuid = {F7D3598F-0A8B-4251-A8E2-1D10291B5E82}
	EndGlobalSection
EndGlobal
